
Microsoft Visual Studio Solution File, Format Version 11.00
# Visual Studio 2010
Project("{8BC9CEB8-8B4A-11D0-8D11-00A0C91BC942}") = "client", "client\client.vcxproj", "{C70F9614-E0A2-40C2-AAC3-B904583C3ADB}"
EndProject
Global
	GlobalSection(SolutionConfigurationPlatforms) = preSolution
		Debug|Win32 = Debug|Win32
		Release|Win32 = Release|Win32
	EndGlobalSection
	GlobalSection(ProjectConfigurationPlatforms) = postSolution
		{C70F9614-E0A2-40C2-AAC3-B904583C3ADB}.Debug|Win32.ActiveCfg = Debug|Win32
		{C70F9614-E0A2-40C2-AAC3-B904583C3ADB}.Debug|Win32.Build.0 = Debug|Win32
		{C70F9614-E0A2-40C2-AAC3-B904583C3ADB}.Release|Win32.ActiveCfg = Release|Win32
		{C70F9614-E0A2-40C2-AAC3-B904583C3ADB}.Release|Win32.Build.0 = Release|Win32
	EndGlobalSection
	GlobalSection(SolutionProperties) = preSolution
		HideSolutionNode = FALSE
	EndGlobalSection
EndGlobal
